// !$*UTF8*$!
{
	archiveVersion = 1;
	classes = {
	};
	objectVersion = 56;
	objects = {

/* Begin PBXBuildFile section */
		170FE44F2C6E95280012DF8A /* GemSearchApp.swift in Sources */ = {isa = PBXBuildFile; fileRef = 170FE44E2C6E95280012DF8A /* GemSearchApp.swift */; };
		170FE4512C6E95280012DF8A /* ContentView.swift in Sources */ = {isa = PBXBuildFile; fileRef = 170FE4502C6E95280012DF8A /* ContentView.swift */; };
		170FE4532C6E952A0012DF8A /* Assets.xcassets in Resources */ = {isa = PBXBuildFile; fileRef = 170FE4522C6E952A0012DF8A /* Assets.xcassets */; };
		170FE4562C6E952A0012DF8A /* Preview Assets.xcassets in Resources */ = {isa = PBXBuildFile; fileRef = 170FE4552C6E952A0012DF8A /* Preview Assets.xcassets */; };
		170FE45E2C6E955B0012DF8A /* GoogleGeminiAI in Frameworks */ = {isa = PBXBuildFile; productRef = 170FE45D2C6E955B0012DF8A /* GoogleGeminiAI */; };
		1748CCF62C6E96AB000DE4BD /* LangChain in Frameworks */ = {isa = PBXBuildFile; productRef = 1748CCF52C6E96AB000DE4BD /* LangChain */; };
		1748CD012C6EBFE3000DE4BD /* AnswerBox.swift in Sources */ = {isa = PBXBuildFile; fileRef = 1748CCF72C6EBFE2000DE4BD /* AnswerBox.swift */; };
		1748CD022C6EBFE3000DE4BD /* Attributes.swift in Sources */ = {isa = PBXBuildFile; fileRef = 1748CCF82C6EBFE2000DE4BD /* Attributes.swift */; };
		1748CD032C6EBFE3000DE4BD /* Images.swift in Sources */ = {isa = PBXBuildFile; fileRef = 1748CCF92C6EBFE2000DE4BD /* Images.swift */; };
		1748CD042C6EBFE3000DE4BD /* Json4Swift_Base.swift in Sources */ = {isa = PBXBuildFile; fileRef = 1748CCFA2C6EBFE2000DE4BD /* Json4Swift_Base.swift */; };
		1748CD052C6EBFE3000DE4BD /* KnowledgeGraph.swift in Sources */ = {isa = PBXBuildFile; fileRef = 1748CCFB2C6EBFE2000DE4BD /* KnowledgeGraph.swift */; };
		1748CD062C6EBFE3000DE4BD /* Organic.swift in Sources */ = {isa = PBXBuildFile; fileRef = 1748CCFC2C6EBFE2000DE4BD /* Organic.swift */; };
		1748CD072C6EBFE3000DE4BD /* PeopleAlsoAsk.swift in Sources */ = {isa = PBXBuildFile; fileRef = 1748CCFD2C6EBFE2000DE4BD /* PeopleAlsoAsk.swift */; };
		1748CD082C6EBFE3000DE4BD /* RelatedSearches.swift in Sources */ = {isa = PBXBuildFile; fileRef = 1748CCFE2C6EBFE2000DE4BD /* RelatedSearches.swift */; };
		1748CD092C6EBFE3000DE4BD /* SearchParameters.swift in Sources */ = {isa = PBXBuildFile; fileRef = 1748CCFF2C6EBFE2000DE4BD /* SearchParameters.swift */; };
		1748CD0C2C6EE32C000DE4BD /* MarkdownUI in Frameworks */ = {isa = PBXBuildFile; productRef = 1748CD0B2C6EE32C000DE4BD /* MarkdownUI */; };
		17D0D5C02C6F042D0019F5CA /* ActivityIndicatorView in Frameworks */ = {isa = PBXBuildFile; productRef = 17D0D5BF2C6F042D0019F5CA /* ActivityIndicatorView */; };
/* End PBXBuildFile section */

/* Begin PBXFileReference section */
		170FE44B2C6E95280012DF8A /* GemSearch.app */ = {isa = PBXFileReference; explicitFileType = wrapper.application; includeInIndex = 0; path = GemSearch.app; sourceTree = BUILT_PRODUCTS_DIR; };
		170FE44E2C6E95280012DF8A /* GemSearchApp.swift */ = {isa = PBXFileReference; lastKnownFileType = sourcecode.swift; path = GemSearchApp.swift; sourceTree = "<group>"; };
		170FE4502C6E95280012DF8A /* ContentView.swift */ = {isa = PBXFileReference; lastKnownFileType = sourcecode.swift; path = ContentView.swift; sourceTree = "<group>"; };
		170FE4522C6E952A0012DF8A /* Assets.xcassets */ = {isa = PBXFileReference; lastKnownFileType = folder.assetcatalog; path = Assets.xcassets; sourceTree = "<group>"; };
		170FE4552C6E952A0012DF8A /* Preview Assets.xcassets */ = {isa = PBXFileReference; lastKnownFileType = folder.assetcatalog; path = "Preview Assets.xcassets"; sourceTree = "<group>"; };
		1748CCF72C6EBFE2000DE4BD /* AnswerBox.swift */ = {isa = PBXFileReference; fileEncoding = 4; lastKnownFileType = sourcecode.swift; path = AnswerBox.swift; sourceTree = "<group>"; };
		1748CCF82C6EBFE2000DE4BD /* Attributes.swift */ = {isa = PBXFileReference; fileEncoding = 4; lastKnownFileType = sourcecode.swift; path = Attributes.swift; sourceTree = "<group>"; };
		1748CCF92C6EBFE2000DE4BD /* Images.swift */ = {isa = PBXFileReference; fileEncoding = 4; lastKnownFileType = sourcecode.swift; path = Images.swift; sourceTree = "<group>"; };
		1748CCFA2C6EBFE2000DE4BD /* Json4Swift_Base.swift */ = {isa = PBXFileReference; fileEncoding = 4; lastKnownFileType = sourcecode.swift; path = Json4Swift_Base.swift; sourceTree = "<group>"; };
		1748CCFB2C6EBFE2000DE4BD /* KnowledgeGraph.swift */ = {isa = PBXFileReference; fileEncoding = 4; lastKnownFileType = sourcecode.swift; path = KnowledgeGraph.swift; sourceTree = "<group>"; };
		1748CCFC2C6EBFE2000DE4BD /* Organic.swift */ = {isa = PBXFileReference; fileEncoding = 4; lastKnownFileType = sourcecode.swift; path = Organic.swift; sourceTree = "<group>"; };
		1748CCFD2C6EBFE2000DE4BD /* PeopleAlsoAsk.swift */ = {isa = PBXFileReference; fileEncoding = 4; lastKnownFileType = sourcecode.swift; path = PeopleAlsoAsk.swift; sourceTree = "<group>"; };
		1748CCFE2C6EBFE2000DE4BD /* RelatedSearches.swift */ = {isa = PBXFileReference; fileEncoding = 4; lastKnownFileType = sourcecode.swift; path = RelatedSearches.swift; sourceTree = "<group>"; };
		1748CCFF2C6EBFE2000DE4BD /* SearchParameters.swift */ = {isa = PBXFileReference; fileEncoding = 4; lastKnownFileType = sourcecode.swift; path = SearchParameters.swift; sourceTree = "<group>"; };
/* End PBXFileReference section */

/* Begin PBXFrameworksBuildPhase section */
		170FE4482C6E95280012DF8A /* Frameworks */ = {
			isa = PBXFrameworksBuildPhase;
			buildActionMask = 2147483647;
			files = (
				1748CD0C2C6EE32C000DE4BD /* MarkdownUI in Frameworks */,
				1748CCF62C6E96AB000DE4BD /* LangChain in Frameworks */,
				17D0D5C02C6F042D0019F5CA /* ActivityIndicatorView in Frameworks */,
				170FE45E2C6E955B0012DF8A /* GoogleGeminiAI in Frameworks */,
			);
			runOnlyForDeploymentPostprocessing = 0;
		};
/* End PBXFrameworksBuildPhase section */

/* Begin PBXGroup section */
		170FE4422C6E95280012DF8A = {
			isa = PBXGroup;
			children = (
				170FE44D2C6E95280012DF8A /* GemSearch */,
				170FE44C2C6E95280012DF8A /* Products */,
			);
			sourceTree = "<group>";
		};
		170FE44C2C6E95280012DF8A /* Products */ = {
			isa = PBXGroup;
			children = (
				170FE44B2C6E95280012DF8A /* GemSearch.app */,
			);
			name = Products;
			sourceTree = "<group>";
		};
		170FE44D2C6E95280012DF8A /* GemSearch */ = {
			isa = PBXGroup;
			children = (
				170FE44E2C6E95280012DF8A /* GemSearchApp.swift */,
				170FE4502C6E95280012DF8A /* ContentView.swift */,
				1748CD002C6EBFE2000DE4BD /* JSON to Swift Code */,
				170FE4522C6E952A0012DF8A /* Assets.xcassets */,
				170FE4542C6E952A0012DF8A /* Preview Content */,
			);
			path = GemSearch;
			sourceTree = "<group>";
		};
		170FE4542C6E952A0012DF8A /* Preview Content */ = {
			isa = PBXGroup;
			children = (
				170FE4552C6E952A0012DF8A /* Preview Assets.xcassets */,
			);
			path = "Preview Content";
			sourceTree = "<group>";
		};
		1748CD002C6EBFE2000DE4BD /* JSON to Swift Code */ = {
			isa = PBXGroup;
			children = (
				1748CCF72C6EBFE2000DE4BD /* AnswerBox.swift */,
				1748CCF82C6EBFE2000DE4BD /* Attributes.swift */,
				1748CCF92C6EBFE2000DE4BD /* Images.swift */,
				1748CCFA2C6EBFE2000DE4BD /* Json4Swift_Base.swift */,
				1748CCFB2C6EBFE2000DE4BD /* KnowledgeGraph.swift */,
				1748CCFC2C6EBFE2000DE4BD /* Organic.swift */,
				1748CCFD2C6EBFE2000DE4BD /* PeopleAlsoAsk.swift */,
				1748CCFE2C6EBFE2000DE4BD /* RelatedSearches.swift */,
				1748CCFF2C6EBFE2000DE4BD /* SearchParameters.swift */,
			);
			path = "JSON to Swift Code";
			sourceTree = "<group>";
		};
/* End PBXGroup section */

/* Begin PBXNativeTarget section */
		170FE44A2C6E95280012DF8A /* GemSearch */ = {
			isa = PBXNativeTarget;
			buildConfigurationList = 170FE4592C6E952A0012DF8A /* Build configuration list for PBXNativeTarget "GemSearch" */;
			buildPhases = (
				170FE4472C6E95280012DF8A /* Sources */,
				170FE4482C6E95280012DF8A /* Frameworks */,
				170FE4492C6E95280012DF8A /* Resources */,
			);
			buildRules = (
			);
			dependencies = (
			);
			name = GemSearch;
			packageProductDependencies = (
				170FE45D2C6E955B0012DF8A /* GoogleGeminiAI */,
				1748CCF52C6E96AB000DE4BD /* LangChain */,
				1748CD0B2C6EE32C000DE4BD /* MarkdownUI */,
				17D0D5BF2C6F042D0019F5CA /* ActivityIndicatorView */,
			);
			productName = GemSearch;
			productReference = 170FE44B2C6E95280012DF8A /* GemSearch.app */;
			productType = "com.apple.product-type.application";
		};
/* End PBXNativeTarget section */

/* Begin PBXProject section */
		170FE4432C6E95280012DF8A /* Project object */ = {
			isa = PBXProject;
			attributes = {
				BuildIndependentTargetsInParallel = 1;
				LastSwiftUpdateCheck = 1540;
				LastUpgradeCheck = 1540;
				TargetAttributes = {
					170FE44A2C6E95280012DF8A = {
						CreatedOnToolsVersion = 15.4;
					};
				};
			};
			buildConfigurationList = 170FE4462C6E95280012DF8A /* Build configuration list for PBXProject "GemSearch" */;
			compatibilityVersion = "Xcode 14.0";
			developmentRegion = en;
			hasScannedForEncodings = 0;
			knownRegions = (
				en,
				Base,
			);
			mainGroup = 170FE4422C6E95280012DF8A;
			packageReferences = (
				170FE45C2C6E955B0012DF8A /* XCRemoteSwiftPackageReference "gemini-ai-swift" */,
				1748CCF42C6E96AB000DE4BD /* XCRemoteSwiftPackageReference "langchain-swift-custom" */,
				1748CD0A2C6EE32C000DE4BD /* XCRemoteSwiftPackageReference "swift-markdown-ui" */,
				17D0D5BE2C6F042D0019F5CA /* XCRemoteSwiftPackageReference "ActivityIndicatorView" */,
			);
			productRefGroup = 170FE44C2C6E95280012DF8A /* Products */;
			projectDirPath = "";
			projectRoot = "";
			targets = (
				170FE44A2C6E95280012DF8A /* GemSearch */,
			);
		};
/* End PBXProject section */

/* Begin PBXResourcesBuildPhase section */
		170FE4492C6E95280012DF8A /* Resources */ = {
			isa = PBXResourcesBuildPhase;
			buildActionMask = 2147483647;
			files = (
				170FE4562C6E952A0012DF8A /* Preview Assets.xcassets in Resources */,
				170FE4532C6E952A0012DF8A /* Assets.xcassets in Resources */,
			);
			runOnlyForDeploymentPostprocessing = 0;
		};
/* End PBXResourcesBuildPhase section */

/* Begin PBXSourcesBuildPhase section */
		170FE4472C6E95280012DF8A /* Sources */ = {
			isa = PBXSourcesBuildPhase;
			buildActionMask = 2147483647;
			files = (
				1748CD012C6EBFE3000DE4BD /* AnswerBox.swift in Sources */,
				1748CD092C6EBFE3000DE4BD /* SearchParameters.swift in Sources */,
				1748CD082C6EBFE3000DE4BD /* RelatedSearches.swift in Sources */,
				170FE4512C6E95280012DF8A /* ContentView.swift in Sources */,
				1748CD072C6EBFE3000DE4BD /* PeopleAlsoAsk.swift in Sources */,
				1748CD032C6EBFE3000DE4BD /* Images.swift in Sources */,
				1748CD062C6EBFE3000DE4BD /* Organic.swift in Sources */,
				1748CD022C6EBFE3000DE4BD /* Attributes.swift in Sources */,
				170FE44F2C6E95280012DF8A /* GemSearchApp.swift in Sources */,
				1748CD052C6EBFE3000DE4BD /* KnowledgeGraph.swift in Sources */,
				1748CD042C6EBFE3000DE4BD /* Json4Swift_Base.swift in Sources */,
			);
			runOnlyForDeploymentPostprocessing = 0;
		};
/* End PBXSourcesBuildPhase section */

/* Begin XCBuildConfiguration section */
		170FE4572C6E952A0012DF8A /* Debug */ = {
			isa = XCBuildConfiguration;
			buildSettings = {
				ALWAYS_SEARCH_USER_PATHS = NO;
				ASSETCATALOG_COMPILER_GENERATE_SWIFT_ASSET_SYMBOL_EXTENSIONS = YES;
				CLANG_ANALYZER_NONNULL = YES;
				CLANG_ANALYZER_NUMBER_OBJECT_CONVERSION = YES_AGGRESSIVE;
				CLANG_CXX_LANGUAGE_STANDARD = "gnu++20";
				CLANG_ENABLE_MODULES = YES;
				CLANG_ENABLE_OBJC_ARC = YES;
				CLANG_ENABLE_OBJC_WEAK = YES;
				CLANG_WARN_BLOCK_CAPTURE_AUTORELEASING = YES;
				CLANG_WARN_BOOL_CONVERSION = YES;
				CLANG_WARN_COMMA = YES;
				CLANG_WARN_CONSTANT_CONVERSION = YES;
				CLANG_WARN_DEPRECATED_OBJC_IMPLEMENTATIONS = YES;
				CLANG_WARN_DIRECT_OBJC_ISA_USAGE = YES_ERROR;
				CLANG_WARN_DOCUMENTATION_COMMENTS = YES;
				CLANG_WARN_EMPTY_BODY = YES;
				CLANG_WARN_ENUM_CONVERSION = YES;
				CLANG_WARN_INFINITE_RECURSION = YES;
				CLANG_WARN_INT_CONVERSION = YES;
				CLANG_WARN_NON_LITERAL_NULL_CONVERSION = YES;
				CLANG_WARN_OBJC_IMPLICIT_RETAIN_SELF = YES;
				CLANG_WARN_OBJC_LITERAL_CONVERSION = YES;
				CLANG_WARN_OBJC_ROOT_CLASS = YES_ERROR;
				CLANG_WARN_QUOTED_INCLUDE_IN_FRAMEWORK_HEADER = YES;
				CLANG_WARN_RANGE_LOOP_ANALYSIS = YES;
				CLANG_WARN_STRICT_PROTOTYPES = YES;
				CLANG_WARN_SUSPICIOUS_MOVE = YES;
				CLANG_WARN_UNGUARDED_AVAILABILITY = YES_AGGRESSIVE;
				CLANG_WARN_UNREACHABLE_CODE = YES;
				CLANG_WARN__DUPLICATE_METHOD_MATCH = YES;
				COPY_PHASE_STRIP = NO;
				DEBUG_INFORMATION_FORMAT = dwarf;
				ENABLE_STRICT_OBJC_MSGSEND = YES;
				ENABLE_TESTABILITY = YES;
				ENABLE_USER_SCRIPT_SANDBOXING = YES;
				GCC_C_LANGUAGE_STANDARD = gnu17;
				GCC_DYNAMIC_NO_PIC = NO;
				GCC_NO_COMMON_BLOCKS = YES;
				GCC_OPTIMIZATION_LEVEL = 0;
				GCC_PREPROCESSOR_DEFINITIONS = (
					"DEBUG=1",
					"$(inherited)",
				);
				GCC_WARN_64_TO_32_BIT_CONVERSION = YES;
				GCC_WARN_ABOUT_RETURN_TYPE = YES_ERROR;
				GCC_WARN_UNDECLARED_SELECTOR = YES;
				GCC_WARN_UNINITIALIZED_AUTOS = YES_AGGRESSIVE;
				GCC_WARN_UNUSED_FUNCTION = YES;
				GCC_WARN_UNUSED_VARIABLE = YES;
				IPHONEOS_DEPLOYMENT_TARGET = 17.5;
				LOCALIZATION_PREFERS_STRING_CATALOGS = YES;
				MTL_ENABLE_DEBUG_INFO = INCLUDE_SOURCE;
				MTL_FAST_MATH = YES;
				ONLY_ACTIVE_ARCH = YES;
				SDKROOT = iphoneos;
				SWIFT_ACTIVE_COMPILATION_CONDITIONS = "DEBUG $(inherited)";
				SWIFT_OPTIMIZATION_LEVEL = "-Onone";
			};
			name = Debug;
		};
		170FE4582C6E952A0012DF8A /* Release */ = {
			isa = XCBuildConfiguration;
			buildSettings = {
				ALWAYS_SEARCH_USER_PATHS = NO;
				ASSETCATALOG_COMPILER_GENERATE_SWIFT_ASSET_SYMBOL_EXTENSIONS = YES;
				CLANG_ANALYZER_NONNULL = YES;
				CLANG_ANALYZER_NUMBER_OBJECT_CONVERSION = YES_AGGRESSIVE;
				CLANG_CXX_LANGUAGE_STANDARD = "gnu++20";
				CLANG_ENABLE_MODULES = YES;
				CLANG_ENABLE_OBJC_ARC = YES;
				CLANG_ENABLE_OBJC_WEAK = YES;
				CLANG_WARN_BLOCK_CAPTURE_AUTORELEASING = YES;
				CLANG_WARN_BOOL_CONVERSION = YES;
				CLANG_WARN_COMMA = YES;
				CLANG_WARN_CONSTANT_CONVERSION = YES;
				CLANG_WARN_DEPRECATED_OBJC_IMPLEMENTATIONS = YES;
				CLANG_WARN_DIRECT_OBJC_ISA_USAGE = YES_ERROR;
				CLANG_WARN_DOCUMENTATION_COMMENTS = YES;
				CLANG_WARN_EMPTY_BODY = YES;
				CLANG_WARN_ENUM_CONVERSION = YES;
				CLANG_WARN_INFINITE_RECURSION = YES;
				CLANG_WARN_INT_CONVERSION = YES;
				CLANG_WARN_NON_LITERAL_NULL_CONVERSION = YES;
				CLANG_WARN_OBJC_IMPLICIT_RETAIN_SELF = YES;
				CLANG_WARN_OBJC_LITERAL_CONVERSION = YES;
				CLANG_WARN_OBJC_ROOT_CLASS = YES_ERROR;
				CLANG_WARN_QUOTED_INCLUDE_IN_FRAMEWORK_HEADER = YES;
				CLANG_WARN_RANGE_LOOP_ANALYSIS = YES;
				CLANG_WARN_STRICT_PROTOTYPES = YES;
				CLANG_WARN_SUSPICIOUS_MOVE = YES;
				CLANG_WARN_UNGUARDED_AVAILABILITY = YES_AGGRESSIVE;
				CLANG_WARN_UNREACHABLE_CODE = YES;
				CLANG_WARN__DUPLICATE_METHOD_MATCH = YES;
				COPY_PHASE_STRIP = NO;
				DEBUG_INFORMATION_FORMAT = "dwarf-with-dsym";
				ENABLE_NS_ASSERTIONS = NO;
				ENABLE_STRICT_OBJC_MSGSEND = YES;
				ENABLE_USER_SCRIPT_SANDBOXING = YES;
				GCC_C_LANGUAGE_STANDARD = gnu17;
				GCC_NO_COMMON_BLOCKS = YES;
				GCC_WARN_64_TO_32_BIT_CONVERSION = YES;
				GCC_WARN_ABOUT_RETURN_TYPE = YES_ERROR;
				GCC_WARN_UNDECLARED_SELECTOR = YES;
				GCC_WARN_UNINITIALIZED_AUTOS = YES_AGGRESSIVE;
				GCC_WARN_UNUSED_FUNCTION = YES;
				GCC_WARN_UNUSED_VARIABLE = YES;
				IPHONEOS_DEPLOYMENT_TARGET = 17.5;
				LOCALIZATION_PREFERS_STRING_CATALOGS = YES;
				MTL_ENABLE_DEBUG_INFO = NO;
				MTL_FAST_MATH = YES;
				SDKROOT = iphoneos;
				SWIFT_COMPILATION_MODE = wholemodule;
				VALIDATE_PRODUCT = YES;
			};
			name = Release;
		};
		170FE45A2C6E952A0012DF8A /* Debug */ = {
			isa = XCBuildConfiguration;
			buildSettings = {
				ASSETCATALOG_COMPILER_APPICON_NAME = AppIcon;
				ASSETCATALOG_COMPILER_GLOBAL_ACCENT_COLOR_NAME = AccentColor;
				CODE_SIGN_STYLE = Automatic;
				CURRENT_PROJECT_VERSION = 1;
				DEVELOPMENT_ASSET_PATHS = "\"GemSearch/Preview Content\"";
				DEVELOPMENT_TEAM = ZY3QU46J9T;
				ENABLE_PREVIEWS = YES;
				GENERATE_INFOPLIST_FILE = YES;
				INFOPLIST_KEY_CFBundleDisplayName = GemSearch;
				INFOPLIST_KEY_LSApplicationCategoryType = "public.app-category.productivity";
				INFOPLIST_KEY_UIApplicationSceneManifest_Generation = YES;
				INFOPLIST_KEY_UIApplicationSupportsIndirectInputEvents = YES;
				INFOPLIST_KEY_UILaunchScreen_Generation = YES;
				INFOPLIST_KEY_UISupportedInterfaceOrientations = UIInterfaceOrientationPortrait;
				INFOPLIST_KEY_UISupportedInterfaceOrientations_iPad = "UIInterfaceOrientationLandscapeLeft UIInterfaceOrientationLandscapeRight UIInterfaceOrientationPortrait UIInterfaceOrientationPortraitUpsideDown";
				IPHONEOS_DEPLOYMENT_TARGET = 17.1;
				LD_RUNPATH_SEARCH_PATHS = (
					"$(inherited)",
					"@executable_path/Frameworks",
				);
				MARKETING_VERSION = 1.0;
				PRODUCT_BUNDLE_IDENTIFIER = com.eunoia.GemSearch;
				PRODUCT_NAME = "$(TARGET_NAME)";
				SUPPORTED_PLATFORMS = "iphoneos iphonesimulator";
				SUPPORTS_MACCATALYST = NO;
				SUPPORTS_MAC_DESIGNED_FOR_IPHONE_IPAD = NO;
				SUPPORTS_XR_DESIGNED_FOR_IPHONE_IPAD = NO;
				SWIFT_EMIT_LOC_STRINGS = YES;
				SWIFT_VERSION = 5.0;
				TARGETED_DEVICE_FAMILY = 1;
			};
			name = Debug;
		};
		170FE45B2C6E952A0012DF8A /* Release */ = {
			isa = XCBuildConfiguration;
			buildSettings = {
				ASSETCATALOG_COMPILER_APPICON_NAME = AppIcon;
				ASSETCATALOG_COMPILER_GLOBAL_ACCENT_COLOR_NAME = AccentColor;
				CODE_SIGN_STYLE = Automatic;
				CURRENT_PROJECT_VERSION = 1;
				DEVELOPMENT_ASSET_PATHS = "\"GemSearch/Preview Content\"";
				DEVELOPMENT_TEAM = ZY3QU46J9T;
				ENABLE_PREVIEWS = YES;
				GENERATE_INFOPLIST_FILE = YES;
				INFOPLIST_KEY_CFBundleDisplayName = GemSearch;
				INFOPLIST_KEY_LSApplicationCategoryType = "public.app-category.productivity";
				INFOPLIST_KEY_UIApplicationSceneManifest_Generation = YES;
				INFOPLIST_KEY_UIApplicationSupportsIndirectInputEvents = YES;
				INFOPLIST_KEY_UILaunchScreen_Generation = YES;
				INFOPLIST_KEY_UISupportedInterfaceOrientations = UIInterfaceOrientationPortrait;
				INFOPLIST_KEY_UISupportedInterfaceOrientations_iPad = "UIInterfaceOrientationLandscapeLeft UIInterfaceOrientationLandscapeRight UIInterfaceOrientationPortrait UIInterfaceOrientationPortraitUpsideDown";
				IPHONEOS_DEPLOYMENT_TARGET = 17.1;
				LD_RUNPATH_SEARCH_PATHS = (
					"$(inherited)",
					"@executable_path/Frameworks",
				);
				MARKETING_VERSION = 1.0;
				PRODUCT_BUNDLE_IDENTIFIER = com.eunoia.GemSearch;
				PRODUCT_NAME = "$(TARGET_NAME)";
				SUPPORTED_PLATFORMS = "iphoneos iphonesimulator";
				SUPPORTS_MACCATALYST = NO;
				SUPPORTS_MAC_DESIGNED_FOR_IPHONE_IPAD = NO;
				SUPPORTS_XR_DESIGNED_FOR_IPHONE_IPAD = NO;
				SWIFT_EMIT_LOC_STRINGS = YES;
				SWIFT_VERSION = 5.0;
				TARGETED_DEVICE_FAMILY = 1;
			};
			name = Release;
		};
/* End XCBuildConfiguration section */

/* Begin XCConfigurationList section */
		170FE4462C6E95280012DF8A /* Build configuration list for PBXProject "GemSearch" */ = {
			isa = XCConfigurationList;
			buildConfigurations = (
				170FE4572C6E952A0012DF8A /* Debug */,
				170FE4582C6E952A0012DF8A /* Release */,
			);
			defaultConfigurationIsVisible = 0;
			defaultConfigurationName = Release;
		};
		170FE4592C6E952A0012DF8A /* Build configuration list for PBXNativeTarget "GemSearch" */ = {
			isa = XCConfigurationList;
			buildConfigurations = (
				170FE45A2C6E952A0012DF8A /* Debug */,
				170FE45B2C6E952A0012DF8A /* Release */,
			);
			defaultConfigurationIsVisible = 0;
			defaultConfigurationName = Release;
		};
/* End XCConfigurationList section */

/* Begin XCRemoteSwiftPackageReference section */
		170FE45C2C6E955B0012DF8A /* XCRemoteSwiftPackageReference "gemini-ai-swift" */ = {
			isa = XCRemoteSwiftPackageReference;
			repositoryURL = "https://github.com/DEmpire412/gemini-ai-swift.git";
			requirement = {
				branch = main;
				kind = branch;
			};
		};
		1748CCF42C6E96AB000DE4BD /* XCRemoteSwiftPackageReference "langchain-swift-custom" */ = {
			isa = XCRemoteSwiftPackageReference;
			repositoryURL = "https://github.com/The-MacBro-Group/langchain-swift-custom.git";
			requirement = {
				branch = main;
				kind = branch;
			};
		};
		1748CD0A2C6EE32C000DE4BD /* XCRemoteSwiftPackageReference "swift-markdown-ui" */ = {
			isa = XCRemoteSwiftPackageReference;
			repositoryURL = "https://github.com/gonzalezreal/swift-markdown-ui.git";
			requirement = {
				kind = upToNextMajorVersion;
				minimumVersion = 2.4.0;
			};
		};
		17D0D5BE2C6F042D0019F5CA /* XCRemoteSwiftPackageReference "ActivityIndicatorView" */ = {
			isa = XCRemoteSwiftPackageReference;
			repositoryURL = "https://github.com/exyte/ActivityIndicatorView.git";
			requirement = {
				kind = upToNextMajorVersion;
				minimumVersion = 1.1.1;
			};
		};
/* End XCRemoteSwiftPackageReference section */

/* Begin XCSwiftPackageProductDependency section */
		170FE45D2C6E955B0012DF8A /* GoogleGeminiAI */ = {
			isa = XCSwiftPackageProductDependency;
			package = 170FE45C2C6E955B0012DF8A /* XCRemoteSwiftPackageReference "gemini-ai-swift" */;
			productName = GoogleGeminiAI;
		};
		1748CCF52C6E96AB000DE4BD /* LangChain */ = {
			isa = XCSwiftPackageProductDependency;
			package = 1748CCF42C6E96AB000DE4BD /* XCRemoteSwiftPackageReference "langchain-swift-custom" */;
			productName = LangChain;
		};
		1748CD0B2C6EE32C000DE4BD /* MarkdownUI */ = {
			isa = XCSwiftPackageProductDependency;
			package = 1748CD0A2C6EE32C000DE4BD /* XCRemoteSwiftPackageReference "swift-markdown-ui" */;
			productName = MarkdownUI;
		};
		17D0D5BF2C6F042D0019F5CA /* ActivityIndicatorView */ = {
			isa = XCSwiftPackageProductDependency;
			package = 17D0D5BE2C6F042D0019F5CA /* XCRemoteSwiftPackageReference "ActivityIndicatorView" */;
			productName = ActivityIndicatorView;
		};
/* End XCSwiftPackageProductDependency section */
	};
	rootObject = 170FE4432C6E95280012DF8A /* Project object */;
}
